{
  "name": "reynaldo-portfolio",
  "lockfileVersion": 3,
  "requires": true,
  "packages": {
    "": {
      "dependencies": {
        "@openai/chatkit": "^1.9.0"
      }
    },
    "node_modules/@openai/chatkit": {
      "version": "1.9.0",
      "resolved": "https://registry.npmjs.org/@openai/chatkit/-/chatkit-1.9.0.tgz",
      "integrity": "sha512-AbqNYaCkQfOauFIk/xL3LFmZ/zIBJuvV71EMUK1o1Tu3/qCG5qRjuDnTUVLkkX9Al2ZYQ6yB1oyWN0jNhoBRMQ==",
      "license": "MIT"
    }
  }
}
